
Microsoft Visual Studio Solution File, Format Version 12.00
# Visual Studio Version 16
VisualStudioVersion = 16.0.31624.102
MinimumVisualStudioVersion = 10.0.40219.1
Project("{FAE04EC0-301F-11D3-BF4B-00C04F79EFBC}") = "WebApi", "WebApi\WebApi.csproj", "{069A5D78-AA5C-4BB7-9FCF-AA324A87288D}"
EndProject
Global
	GlobalSection(SolutionConfigurationPlatforms) = preSolution
		Debug|Any CPU = Debug|Any CPU
		Release|Any CPU = Release|Any CPU
	EndGlobalSection
	GlobalSection(ProjectConfigurationPlatforms) = postSolution
		{069A5D78-AA5C-4BB7-9FCF-AA324A87288D}.Debug|Any CPU.ActiveCfg = Debug|Any CPU
		{069A5D78-AA5C-4BB7-9FCF-AA324A87288D}.Debug|Any CPU.Build.0 = Debug|Any CPU
		{069A5D78-AA5C-4BB7-9FCF-AA324A87288D}.Release|Any CPU.ActiveCfg = Release|Any CPU
		{069A5D78-AA5C-4BB7-9FCF-AA324A87288D}.Release|Any CPU.Build.0 = Release|Any CPU
	EndGlobalSection
	GlobalSection(SolutionProperties) = preSolution
		HideSolutionNode = FALSE
	EndGlobalSection
	GlobalSection(ExtensibilityGlobals) = postSolution
		SolutionGuid = {D86075AE-A210-4407-893C-143D04193B53}
	EndGlobalSection
EndGlobal
